// !$*UTF8*$!
{
	archiveVersion = 1;
	classes = {
	};
	objectVersion = 51;
	objects = {

/* Begin PBXBuildFile section */
		1E26A223D14BEB4849791217 /* Pods_PortfolioAppMessagesTests.framework in Frameworks */ = {isa = PBXBuildFile; fileRef = 2E4E3748BFBA1CFB489BA731 /* Pods_PortfolioAppMessagesTests.framework */; };
		5D226A3A1CCA2D4BB5B45796 /* Pods_PortfolioAppMessages_PortfolioAppMessagesUITests.framework in Frameworks */ = {isa = PBXBuildFile; fileRef = D3D524A12E30A69AED638D9B /* Pods_PortfolioAppMessages_PortfolioAppMessagesUITests.framework */; };
		7D506529243AD54100B10038 /* AppDelegate.swift in Sources */ = {isa = PBXBuildFile; fileRef = 7D506528243AD54100B10038 /* AppDelegate.swift */; };
		7D50652B243AD54100B10038 /* SceneDelegate.swift in Sources */ = {isa = PBXBuildFile; fileRef = 7D50652A243AD54100B10038 /* SceneDelegate.swift */; };
		7D50652E243AD54100B10038 /* PortfolioAppMessages.xcdatamodeld in Sources */ = {isa = PBXBuildFile; fileRef = 7D50652C243AD54100B10038 /* PortfolioAppMessages.xcdatamodeld */; };
		7D506530243AD54100B10038 /* ContentView.swift in Sources */ = {isa = PBXBuildFile; fileRef = 7D50652F243AD54100B10038 /* ContentView.swift */; };
		7D506532243AD54300B10038 /* Assets.xcassets in Resources */ = {isa = PBXBuildFile; fileRef = 7D506531243AD54300B10038 /* Assets.xcassets */; };
		7D506535243AD54300B10038 /* Preview Assets.xcassets in Resources */ = {isa = PBXBuildFile; fileRef = 7D506534243AD54300B10038 /* Preview Assets.xcassets */; };
		7D506538243AD54300B10038 /* LaunchScreen.storyboard in Resources */ = {isa = PBXBuildFile; fileRef = 7D506536243AD54300B10038 /* LaunchScreen.storyboard */; };
		7D506543243AD54300B10038 /* PortfolioAppMessagesTests.swift in Sources */ = {isa = PBXBuildFile; fileRef = 7D506542243AD54300B10038 /* PortfolioAppMessagesTests.swift */; };
		7D50654E243AD54300B10038 /* PortfolioAppMessagesUITests.swift in Sources */ = {isa = PBXBuildFile; fileRef = 7D50654D243AD54300B10038 /* PortfolioAppMessagesUITests.swift */; };
		7D50655E243AE32100B10038 /* GoogleService-Info.plist in Resources */ = {isa = PBXBuildFile; fileRef = 7D50655D243AE32100B10038 /* GoogleService-Info.plist */; };
		7D50655F243AE32100B10038 /* GoogleService-Info.plist in Resources */ = {isa = PBXBuildFile; fileRef = 7D50655D243AE32100B10038 /* GoogleService-Info.plist */; };
		7D506560243AE32100B10038 /* GoogleService-Info.plist in Resources */ = {isa = PBXBuildFile; fileRef = 7D50655D243AE32100B10038 /* GoogleService-Info.plist */; };
		7D506562243AE6F800B10038 /* Messages.swift in Sources */ = {isa = PBXBuildFile; fileRef = 7D506561243AE6F800B10038 /* Messages.swift */; };
		7D506563243AE6F800B10038 /* Messages.swift in Sources */ = {isa = PBXBuildFile; fileRef = 7D506561243AE6F800B10038 /* Messages.swift */; };
		7D506564243AE6F800B10038 /* Messages.swift in Sources */ = {isa = PBXBuildFile; fileRef = 7D506561243AE6F800B10038 /* Messages.swift */; };
		80832B2188A684B8C066743B /* Pods_PortfolioAppMessages.framework in Frameworks */ = {isa = PBXBuildFile; fileRef = 6252E70E6609686C2868DFE4 /* Pods_PortfolioAppMessages.framework */; };
/* End PBXBuildFile section */

/* Begin PBXContainerItemProxy section */
		7D50653F243AD54300B10038 /* PBXContainerItemProxy */ = {
			isa = PBXContainerItemProxy;
			containerPortal = 7D50651D243AD54100B10038 /* Project object */;
			proxyType = 1;
			remoteGlobalIDString = 7D506524243AD54100B10038;
			remoteInfo = PortfolioAppMessages;
		};
		7D50654A243AD54300B10038 /* PBXContainerItemProxy */ = {
			isa = PBXContainerItemProxy;
			containerPortal = 7D50651D243AD54100B10038 /* Project object */;
			proxyType = 1;
			remoteGlobalIDString = 7D506524243AD54100B10038;
			remoteInfo = PortfolioAppMessages;
		};
/* End PBXContainerItemProxy section */

/* Begin PBXFileReference section */
		052FCDE7CB3DD1C7F9ADD991 /* Pods-PortfolioAppMessagesTests.debug.xcconfig */ = {isa = PBXFileReference; includeInIndex = 1; lastKnownFileType = text.xcconfig; name = "Pods-PortfolioAppMessagesTests.debug.xcconfig"; path = "Target Support Files/Pods-PortfolioAppMessagesTests/Pods-PortfolioAppMessagesTests.debug.xcconfig"; sourceTree = "<group>"; };
		24AC076358E6F5CC4C1C9D0E /* Pods-PortfolioAppMessagesTests.release.xcconfig */ = {isa = PBXFileReference; includeInIndex = 1; lastKnownFileType = text.xcconfig; name = "Pods-PortfolioAppMessagesTests.release.xcconfig"; path = "Target Support Files/Pods-PortfolioAppMessagesTests/Pods-PortfolioAppMessagesTests.release.xcconfig"; sourceTree = "<group>"; };
		2E4E3748BFBA1CFB489BA731 /* Pods_PortfolioAppMessagesTests.framework */ = {isa = PBXFileReference; explicitFileType = wrapper.framework; includeInIndex = 0; path = Pods_PortfolioAppMessagesTests.framework; sourceTree = BUILT_PRODUCTS_DIR; };
		51941532AF9DD6B3769AF471 /* Pods-PortfolioAppMessages-PortfolioAppMessagesUITests.debug.xcconfig */ = {isa = PBXFileReference; includeInIndex = 1; lastKnownFileType = text.xcconfig; name = "Pods-PortfolioAppMessages-PortfolioAppMessagesUITests.debug.xcconfig"; path = "Target Support Files/Pods-PortfolioAppMessages-PortfolioAppMessagesUITests/Pods-PortfolioAppMessages-PortfolioAppMessagesUITests.debug.xcconfig"; sourceTree = "<group>"; };
		6252E70E6609686C2868DFE4 /* Pods_PortfolioAppMessages.framework */ = {isa = PBXFileReference; explicitFileType = wrapper.framework; includeInIndex = 0; path = Pods_PortfolioAppMessages.framework; sourceTree = BUILT_PRODUCTS_DIR; };
		7D506525243AD54100B10038 /* PortfolioAppMessages.app */ = {isa = PBXFileReference; explicitFileType = wrapper.application; includeInIndex = 0; path = PortfolioAppMessages.app; sourceTree = BUILT_PRODUCTS_DIR; };
		7D506528243AD54100B10038 /* AppDelegate.swift */ = {isa = PBXFileReference; lastKnownFileType = sourcecode.swift; path = AppDelegate.swift; sourceTree = "<group>"; };
		7D50652A243AD54100B10038 /* SceneDelegate.swift */ = {isa = PBXFileReference; lastKnownFileType = sourcecode.swift; path = SceneDelegate.swift; sourceTree = "<group>"; };
		7D50652D243AD54100B10038 /* PortfolioAppMessages.xcdatamodel */ = {isa = PBXFileReference; lastKnownFileType = wrapper.xcdatamodel; path = PortfolioAppMessages.xcdatamodel; sourceTree = "<group>"; };
		7D50652F243AD54100B10038 /* ContentView.swift */ = {isa = PBXFileReference; lastKnownFileType = sourcecode.swift; path = ContentView.swift; sourceTree = "<group>"; };
		7D506531243AD54300B10038 /* Assets.xcassets */ = {isa = PBXFileReference; lastKnownFileType = folder.assetcatalog; path = Assets.xcassets; sourceTree = "<group>"; };
		7D506534243AD54300B10038 /* Preview Assets.xcassets */ = {isa = PBXFileReference; lastKnownFileType = folder.assetcatalog; path = "Preview Assets.xcassets"; sourceTree = "<group>"; };
		7D506537243AD54300B10038 /* Base */ = {isa = PBXFileReference; lastKnownFileType = file.storyboard; name = Base; path = Base.lproj/LaunchScreen.storyboard; sourceTree = "<group>"; };
		7D506539243AD54300B10038 /* Info.plist */ = {isa = PBXFileReference; lastKnownFileType = text.plist.xml; path = Info.plist; sourceTree = "<group>"; };
		7D50653E243AD54300B10038 /* PortfolioAppMessagesTests.xctest */ = {isa = PBXFileReference; explicitFileType = wrapper.cfbundle; includeInIndex = 0; path = PortfolioAppMessagesTests.xctest; sourceTree = BUILT_PRODUCTS_DIR; };
		7D506542243AD54300B10038 /* PortfolioAppMessagesTests.swift */ = {isa = PBXFileReference; lastKnownFileType = sourcecode.swift; path = PortfolioAppMessagesTests.swift; sourceTree = "<group>"; };
		7D506544243AD54300B10038 /* Info.plist */ = {isa = PBXFileReference; lastKnownFileType = text.plist.xml; path = Info.plist; sourceTree = "<group>"; };
		7D506549243AD54300B10038 /* PortfolioAppMessagesUITests.xctest */ = {isa = PBXFileReference; explicitFileType = wrapper.cfbundle; includeInIndex = 0; path = PortfolioAppMessagesUITests.xctest; sourceTree = BUILT_PRODUCTS_DIR; };
		7D50654D243AD54300B10038 /* PortfolioAppMessagesUITests.swift */ = {isa = PBXFileReference; lastKnownFileType = sourcecode.swift; path = PortfolioAppMessagesUITests.swift; sourceTree = "<group>"; };
		7D50654F243AD54300B10038 /* Info.plist */ = {isa = PBXFileReference; lastKnownFileType = text.plist.xml; path = Info.plist; sourceTree = "<group>"; };
		7D50655D243AE32100B10038 /* GoogleService-Info.plist */ = {isa = PBXFileReference; fileEncoding = 4; lastKnownFileType = text.plist.xml; path = "GoogleService-Info.plist"; sourceTree = "<group>"; };
		7D506561243AE6F800B10038 /* Messages.swift */ = {isa = PBXFileReference; lastKnownFileType = sourcecode.swift; path = Messages.swift; sourceTree = "<group>"; };
		963735B9CE58462F1DFB6174 /* Pods-PortfolioAppMessages.release.xcconfig */ = {isa = PBXFileReference; includeInIndex = 1; lastKnownFileType = text.xcconfig; name = "Pods-PortfolioAppMessages.release.xcconfig"; path = "Target Support Files/Pods-PortfolioAppMessages/Pods-PortfolioAppMessages.release.xcconfig"; sourceTree = "<group>"; };
		B73030F057D227E1802AB004 /* Pods-PortfolioAppMessages.debug.xcconfig */ = {isa = PBXFileReference; includeInIndex = 1; lastKnownFileType = text.xcconfig; name = "Pods-PortfolioAppMessages.debug.xcconfig"; path = "Target Support Files/Pods-PortfolioAppMessages/Pods-PortfolioAppMessages.debug.xcconfig"; sourceTree = "<group>"; };
		D3D524A12E30A69AED638D9B /* Pods_PortfolioAppMessages_PortfolioAppMessagesUITests.framework */ = {isa = PBXFileReference; explicitFileType = wrapper.framework; includeInIndex = 0; path = Pods_PortfolioAppMessages_PortfolioAppMessagesUITests.framework; sourceTree = BUILT_PRODUCTS_DIR; };
		F8AB94AE8845E510D060F121 /* Pods-PortfolioAppMessages-PortfolioAppMessagesUITests.release.xcconfig */ = {isa = PBXFileReference; includeInIndex = 1; lastKnownFileType = text.xcconfig; name = "Pods-PortfolioAppMessages-PortfolioAppMessagesUITests.release.xcconfig"; path = "Target Support Files/Pods-PortfolioAppMessages-PortfolioAppMessagesUITests/Pods-PortfolioAppMessages-PortfolioAppMessagesUITests.release.xcconfig"; sourceTree = "<group>"; };
/* End PBXFileReference section */

/* Begin PBXFrameworksBuildPhase section */
		7D506522243AD54100B10038 /* Frameworks */ = {
			isa = PBXFrameworksBuildPhase;
			buildActionMask = 2147483647;
			files = (
				80832B2188A684B8C066743B /* Pods_PortfolioAppMessages.framework in Frameworks */,
			);
			runOnlyForDeploymentPostprocessing = 0;
		};
		7D50653B243AD54300B10038 /* Frameworks */ = {
			isa = PBXFrameworksBuildPhase;
			buildActionMask = 2147483647;
			files = (
				1E26A223D14BEB4849791217 /* Pods_PortfolioAppMessagesTests.framework in Frameworks */,
			);
			runOnlyForDeploymentPostprocessing = 0;
		};
		7D506546243AD54300B10038 /* Frameworks */ = {
			isa = PBXFrameworksBuildPhase;
			buildActionMask = 2147483647;
			files = (
				5D226A3A1CCA2D4BB5B45796 /* Pods_PortfolioAppMessages_PortfolioAppMessagesUITests.framework in Frameworks */,
			);
			runOnlyForDeploymentPostprocessing = 0;
		};
/* End PBXFrameworksBuildPhase section */

/* Begin PBXGroup section */
		481C781065FFAD10DBE02F7C /* Frameworks */ = {
			isa = PBXGroup;
			children = (
				6252E70E6609686C2868DFE4 /* Pods_PortfolioAppMessages.framework */,
				D3D524A12E30A69AED638D9B /* Pods_PortfolioAppMessages_PortfolioAppMessagesUITests.framework */,
				2E4E3748BFBA1CFB489BA731 /* Pods_PortfolioAppMessagesTests.framework */,
			);
			name = Frameworks;
			sourceTree = "<group>";
		};
		6A1C38D8BF11C03A20F3F208 /* Pods */ = {
			isa = PBXGroup;
			children = (
				B73030F057D227E1802AB004 /* Pods-PortfolioAppMessages.debug.xcconfig */,
				963735B9CE58462F1DFB6174 /* Pods-PortfolioAppMessages.release.xcconfig */,
				51941532AF9DD6B3769AF471 /* Pods-PortfolioAppMessages-PortfolioAppMessagesUITests.debug.xcconfig */,
				F8AB94AE8845E510D060F121 /* Pods-PortfolioAppMessages-PortfolioAppMessagesUITests.release.xcconfig */,
				052FCDE7CB3DD1C7F9ADD991 /* Pods-PortfolioAppMessagesTests.debug.xcconfig */,
				24AC076358E6F5CC4C1C9D0E /* Pods-PortfolioAppMessagesTests.release.xcconfig */,
			);
			path = Pods;
			sourceTree = "<group>";
		};
		7D50651C243AD54100B10038 = {
			isa = PBXGroup;
			children = (
				7D506527243AD54100B10038 /* PortfolioAppMessages */,
				7D506541243AD54300B10038 /* PortfolioAppMessagesTests */,
				7D50654C243AD54300B10038 /* PortfolioAppMessagesUITests */,
				7D506526243AD54100B10038 /* Products */,
				6A1C38D8BF11C03A20F3F208 /* Pods */,
				481C781065FFAD10DBE02F7C /* Frameworks */,
			);
			sourceTree = "<group>";
		};
		7D506526243AD54100B10038 /* Products */ = {
			isa = PBXGroup;
			children = (
				7D506525243AD54100B10038 /* PortfolioAppMessages.app */,
				7D50653E243AD54300B10038 /* PortfolioAppMessagesTests.xctest */,
				7D506549243AD54300B10038 /* PortfolioAppMessagesUITests.xctest */,
			);
			name = Products;
			sourceTree = "<group>";
		};
		7D506527243AD54100B10038 /* PortfolioAppMessages */ = {
			isa = PBXGroup;
			children = (
				7D506567243B446500B10038 /* ViewModels */,
				7D506566243B445A00B10038 /* Models */,
				7D506565243B443D00B10038 /* Application State */,
				7D50655D243AE32100B10038 /* GoogleService-Info.plist */,
				7D506531243AD54300B10038 /* Assets.xcassets */,
				7D506536243AD54300B10038 /* LaunchScreen.storyboard */,
				7D506539243AD54300B10038 /* Info.plist */,
				7D50652C243AD54100B10038 /* PortfolioAppMessages.xcdatamodeld */,
				7D506533243AD54300B10038 /* Preview Content */,
			);
			path = PortfolioAppMessages;
			sourceTree = "<group>";
		};
		7D506533243AD54300B10038 /* Preview Content */ = {
			isa = PBXGroup;
			children = (
				7D506534243AD54300B10038 /* Preview Assets.xcassets */,
			);
			path = "Preview Content";
			sourceTree = "<group>";
		};
		7D506541243AD54300B10038 /* PortfolioAppMessagesTests */ = {
			isa = PBXGroup;
			children = (
				7D506542243AD54300B10038 /* PortfolioAppMessagesTests.swift */,
				7D506544243AD54300B10038 /* Info.plist */,
			);
			path = PortfolioAppMessagesTests;
			sourceTree = "<group>";
		};
		7D50654C243AD54300B10038 /* PortfolioAppMessagesUITests */ = {
			isa = PBXGroup;
			children = (
				7D50654D243AD54300B10038 /* PortfolioAppMessagesUITests.swift */,
				7D50654F243AD54300B10038 /* Info.plist */,
			);
			path = PortfolioAppMessagesUITests;
			sourceTree = "<group>";
		};
		7D506565243B443D00B10038 /* Application State */ = {
			isa = PBXGroup;
			children = (
				7D506528243AD54100B10038 /* AppDelegate.swift */,
				7D50652A243AD54100B10038 /* SceneDelegate.swift */,
			);
			path = "Application State";
			sourceTree = "<group>";
		};
		7D506566243B445A00B10038 /* Models */ = {
			isa = PBXGroup;
			children = (
				7D506561243AE6F800B10038 /* Messages.swift */,
			);
			path = Models;
			sourceTree = "<group>";
		};
		7D506567243B446500B10038 /* ViewModels */ = {
			isa = PBXGroup;
			children = (
				7D50652F243AD54100B10038 /* ContentView.swift */,
			);
			path = ViewModels;
			sourceTree = "<group>";
		};
/* End PBXGroup section */

/* Begin PBXNativeTarget section */
		7D506524243AD54100B10038 /* PortfolioAppMessages */ = {
			isa = PBXNativeTarget;
			buildConfigurationList = 7D506552243AD54300B10038 /* Build configuration list for PBXNativeTarget "PortfolioAppMessages" */;
			buildPhases = (
				6D046601470A765F45E5B8CA /* [CP] Check Pods Manifest.lock */,
				7D506521243AD54100B10038 /* Sources */,
				7D506522243AD54100B10038 /* Frameworks */,
				7D506523243AD54100B10038 /* Resources */,
				20FE20D6FF93F5A191C5B520 /* [CP] Embed Pods Frameworks */,
			);
			buildRules = (
			);
			dependencies = (
			);
			name = PortfolioAppMessages;
			productName = PortfolioAppMessages;
			productReference = 7D506525243AD54100B10038 /* PortfolioAppMessages.app */;
			productType = "com.apple.product-type.application";
		};
		7D50653D243AD54300B10038 /* PortfolioAppMessagesTests */ = {
			isa = PBXNativeTarget;
			buildConfigurationList = 7D506555243AD54300B10038 /* Build configuration list for PBXNativeTarget "PortfolioAppMessagesTests" */;
			buildPhases = (
				E013D506A794D8DBF0C7DBB8 /* [CP] Check Pods Manifest.lock */,
				7D50653A243AD54300B10038 /* Sources */,
				7D50653B243AD54300B10038 /* Frameworks */,
				7D50653C243AD54300B10038 /* Resources */,
			);
			buildRules = (
			);
			dependencies = (
				7D506540243AD54300B10038 /* PBXTargetDependency */,
			);
			name = PortfolioAppMessagesTests;
			productName = PortfolioAppMessagesTests;
			productReference = 7D50653E243AD54300B10038 /* PortfolioAppMessagesTests.xctest */;
			productType = "com.apple.product-type.bundle.unit-test";
		};
		7D506548243AD54300B10038 /* PortfolioAppMessagesUITests */ = {
			isa = PBXNativeTarget;
			buildConfigurationList = 7D506558243AD54300B10038 /* Build configuration list for PBXNativeTarget "PortfolioAppMessagesUITests" */;
			buildPhases = (
				C8A14954F09970C433F62443 /* [CP] Check Pods Manifest.lock */,
				7D506545243AD54300B10038 /* Sources */,
				7D506546243AD54300B10038 /* Frameworks */,
				7D506547243AD54300B10038 /* Resources */,
				D57BBC426E6A0CA56DDD5117 /* [CP] Embed Pods Frameworks */,
			);
			buildRules = (
			);
			dependencies = (
				7D50654B243AD54300B10038 /* PBXTargetDependency */,
			);
			name = PortfolioAppMessagesUITests;
			productName = PortfolioAppMessagesUITests;
			productReference = 7D506549243AD54300B10038 /* PortfolioAppMessagesUITests.xctest */;
			productType = "com.apple.product-type.bundle.ui-testing";
		};
/* End PBXNativeTarget section */

/* Begin PBXProject section */
		7D50651D243AD54100B10038 /* Project object */ = {
			isa = PBXProject;
			attributes = {
				LastSwiftUpdateCheck = 1140;
				LastUpgradeCheck = 1140;
				ORGANIZATIONNAME = DuhMarket;
				TargetAttributes = {
					7D506524243AD54100B10038 = {
						CreatedOnToolsVersion = 11.4;
					};
					7D50653D243AD54300B10038 = {
						CreatedOnToolsVersion = 11.4;
						TestTargetID = 7D506524243AD54100B10038;
					};
					7D506548243AD54300B10038 = {
						CreatedOnToolsVersion = 11.4;
						TestTargetID = 7D506524243AD54100B10038;
					};
				};
			};
			buildConfigurationList = 7D506520243AD54100B10038 /* Build configuration list for PBXProject "PortfolioAppMessages" */;
			compatibilityVersion = "Xcode 9.3";
			developmentRegion = en;
			hasScannedForEncodings = 0;
			knownRegions = (
				en,
				Base,
			);
			mainGroup = 7D50651C243AD54100B10038;
			productRefGroup = 7D506526243AD54100B10038 /* Products */;
			projectDirPath = "";
			projectRoot = "";
			targets = (
				7D506524243AD54100B10038 /* PortfolioAppMessages */,
				7D50653D243AD54300B10038 /* PortfolioAppMessagesTests */,
				7D506548243AD54300B10038 /* PortfolioAppMessagesUITests */,
			);
		};
/* End PBXProject section */

/* Begin PBXResourcesBuildPhase section */
		7D506523243AD54100B10038 /* Resources */ = {
			isa = PBXResourcesBuildPhase;
			buildActionMask = 2147483647;
			files = (
				7D506538243AD54300B10038 /* LaunchScreen.storyboard in Resources */,
				7D50655E243AE32100B10038 /* GoogleService-Info.plist in Resources */,
				7D506535243AD54300B10038 /* Preview Assets.xcassets in Resources */,
				7D506532243AD54300B10038 /* Assets.xcassets in Resources */,
			);
			runOnlyForDeploymentPostprocessing = 0;
		};
		7D50653C243AD54300B10038 /* Resources */ = {
			isa = PBXResourcesBuildPhase;
			buildActionMask = 2147483647;
			files = (
				7D50655F243AE32100B10038 /* GoogleService-Info.plist in Resources */,
			);
			runOnlyForDeploymentPostprocessing = 0;
		};
		7D506547243AD54300B10038 /* Resources */ = {
			isa = PBXResourcesBuildPhase;
			buildActionMask = 2147483647;
			files = (
				7D506560243AE32100B10038 /* GoogleService-Info.plist in Resources */,
			);
			runOnlyForDeploymentPostprocessing = 0;
		};
/* End PBXResourcesBuildPhase section */

/* Begin PBXShellScriptBuildPhase section */
		20FE20D6FF93F5A191C5B520 /* [CP] Embed Pods Frameworks */ = {
			isa = PBXShellScriptBuildPhase;
			buildActionMask = 2147483647;
			files = (
			);
			inputFileListPaths = (
				"${PODS_ROOT}/Target Support Files/Pods-PortfolioAppMessages/Pods-PortfolioAppMessages-frameworks-${CONFIGURATION}-input-files.xcfilelist",
			);
			name = "[CP] Embed Pods Frameworks";
			outputFileListPaths = (
				"${PODS_ROOT}/Target Support Files/Pods-PortfolioAppMessages/Pods-PortfolioAppMessages-frameworks-${CONFIGURATION}-output-files.xcfilelist",
			);
			runOnlyForDeploymentPostprocessing = 0;
			shellPath = /bin/sh;
			shellScript = "\"${PODS_ROOT}/Target Support Files/Pods-PortfolioAppMessages/Pods-PortfolioAppMessages-frameworks.sh\"\n";
			showEnvVarsInLog = 0;
		};
		6D046601470A765F45E5B8CA /* [CP] Check Pods Manifest.lock */ = {
			isa = PBXShellScriptBuildPhase;
			buildActionMask = 2147483647;
			files = (
			);
			inputFileListPaths = (
			);
			inputPaths = (
				"${PODS_PODFILE_DIR_PATH}/Podfile.lock",
				"${PODS_ROOT}/Manifest.lock",
			);
			name = "[CP] Check Pods Manifest.lock";
			outputFileListPaths = (
			);
			outputPaths = (
				"$(DERIVED_FILE_DIR)/Pods-PortfolioAppMessages-checkManifestLockResult.txt",
			);
			runOnlyForDeploymentPostprocessing = 0;
			shellPath = /bin/sh;
			shellScript = "diff \"${PODS_PODFILE_DIR_PATH}/Podfile.lock\" \"${PODS_ROOT}/Manifest.lock\" > /dev/null\nif [ $? != 0 ] ; then\n    # print error to STDERR\n    echo \"error: The sandbox is not in sync with the Podfile.lock. Run 'pod install' or update your CocoaPods installation.\" >&2\n    exit 1\nfi\n# This output is used by Xcode 'outputs' to avoid re-running this script phase.\necho \"SUCCESS\" > \"${SCRIPT_OUTPUT_FILE_0}\"\n";
			showEnvVarsInLog = 0;
		};
		C8A14954F09970C433F62443 /* [CP] Check Pods Manifest.lock */ = {
			isa = PBXShellScriptBuildPhase;
			buildActionMask = 2147483647;
			files = (
			);
			inputFileListPaths = (
			);
			inputPaths = (
				"${PODS_PODFILE_DIR_PATH}/Podfile.lock",
				"${PODS_ROOT}/Manifest.lock",
			);
			name = "[CP] Check Pods Manifest.lock";
			outputFileListPaths = (
			);
			outputPaths = (
				"$(DERIVED_FILE_DIR)/Pods-PortfolioAppMessages-PortfolioAppMessagesUITests-checkManifestLockResult.txt",
			);
			runOnlyForDeploymentPostprocessing = 0;
			shellPath = /bin/sh;
			shellScript = "diff \"${PODS_PODFILE_DIR_PATH}/Podfile.lock\" \"${PODS_ROOT}/Manifest.lock\" > /dev/null\nif [ $? != 0 ] ; then\n    # print error to STDERR\n    echo \"error: The sandbox is not in sync with the Podfile.lock. Run 'pod install' or update your CocoaPods installation.\" >&2\n    exit 1\nfi\n# This output is used by Xcode 'outputs' to avoid re-running this script phase.\necho \"SUCCESS\" > \"${SCRIPT_OUTPUT_FILE_0}\"\n";
			showEnvVarsInLog = 0;
		};
		D57BBC426E6A0CA56DDD5117 /* [CP] Embed Pods Frameworks */ = {
			isa = PBXShellScriptBuildPhase;
			buildActionMask = 2147483647;
			files = (
			);
			inputFileListPaths = (
				"${PODS_ROOT}/Target Support Files/Pods-PortfolioAppMessages-PortfolioAppMessagesUITests/Pods-PortfolioAppMessages-PortfolioAppMessagesUITests-frameworks-${CONFIGURATION}-input-files.xcfilelist",
			);
			name = "[CP] Embed Pods Frameworks";
			outputFileListPaths = (
				"${PODS_ROOT}/Target Support Files/Pods-PortfolioAppMessages-PortfolioAppMessagesUITests/Pods-PortfolioAppMessages-PortfolioAppMessagesUITests-frameworks-${CONFIGURATION}-output-files.xcfilelist",
			);
			runOnlyForDeploymentPostprocessing = 0;
			shellPath = /bin/sh;
			shellScript = "\"${PODS_ROOT}/Target Support Files/Pods-PortfolioAppMessages-PortfolioAppMessagesUITests/Pods-PortfolioAppMessages-PortfolioAppMessagesUITests-frameworks.sh\"\n";
			showEnvVarsInLog = 0;
		};
		E013D506A794D8DBF0C7DBB8 /* [CP] Check Pods Manifest.lock */ = {
			isa = PBXShellScriptBuildPhase;
			buildActionMask = 2147483647;
			files = (
			);
			inputFileListPaths = (
			);
			inputPaths = (
				"${PODS_PODFILE_DIR_PATH}/Podfile.lock",
				"${PODS_ROOT}/Manifest.lock",
			);
			name = "[CP] Check Pods Manifest.lock";
			outputFileListPaths = (
			);
			outputPaths = (
				"$(DERIVED_FILE_DIR)/Pods-PortfolioAppMessagesTests-checkManifestLockResult.txt",
			);
			runOnlyForDeploymentPostprocessing = 0;
			shellPath = /bin/sh;
			shellScript = "diff \"${PODS_PODFILE_DIR_PATH}/Podfile.lock\" \"${PODS_ROOT}/Manifest.lock\" > /dev/null\nif [ $? != 0 ] ; then\n    # print error to STDERR\n    echo \"error: The sandbox is not in sync with the Podfile.lock. Run 'pod install' or update your CocoaPods installation.\" >&2\n    exit 1\nfi\n# This output is used by Xcode 'outputs' to avoid re-running this script phase.\necho \"SUCCESS\" > \"${SCRIPT_OUTPUT_FILE_0}\"\n";
			showEnvVarsInLog = 0;
		};
/* End PBXShellScriptBuildPhase section */

/* Begin PBXSourcesBuildPhase section */
		7D506521243AD54100B10038 /* Sources */ = {
			isa = PBXSourcesBuildPhase;
			buildActionMask = 2147483647;
			files = (
				7D506529243AD54100B10038 /* AppDelegate.swift in Sources */,
				7D50652E243AD54100B10038 /* PortfolioAppMessages.xcdatamodeld in Sources */,
				7D506562243AE6F800B10038 /* Messages.swift in Sources */,
				7D506530243AD54100B10038 /* ContentView.swift in Sources */,
				7D50652B243AD54100B10038 /* SceneDelegate.swift in Sources */,
			);
			runOnlyForDeploymentPostprocessing = 0;
		};
		7D50653A243AD54300B10038 /* Sources */ = {
			isa = PBXSourcesBuildPhase;
			buildActionMask = 2147483647;
			files = (
				7D506543243AD54300B10038 /* PortfolioAppMessagesTests.swift in Sources */,
				7D506563243AE6F800B10038 /* Messages.swift in Sources */,
			);
			runOnlyForDeploymentPostprocessing = 0;
		};
		7D506545243AD54300B10038 /* Sources */ = {
			isa = PBXSourcesBuildPhase;
			buildActionMask = 2147483647;
			files = (
				7D50654E243AD54300B10038 /* PortfolioAppMessagesUITests.swift in Sources */,
				7D506564243AE6F800B10038 /* Messages.swift in Sources */,
			);
			runOnlyForDeploymentPostprocessing = 0;
		};
/* End PBXSourcesBuildPhase section */

/* Begin PBXTargetDependency section */
		7D506540243AD54300B10038 /* PBXTargetDependency */ = {
			isa = PBXTargetDependency;
			target = 7D506524243AD54100B10038 /* PortfolioAppMessages */;
			targetProxy = 7D50653F243AD54300B10038 /* PBXContainerItemProxy */;
		};
		7D50654B243AD54300B10038 /* PBXTargetDependency */ = {
			isa = PBXTargetDependency;
			target = 7D506524243AD54100B10038 /* PortfolioAppMessages */;
			targetProxy = 7D50654A243AD54300B10038 /* PBXContainerItemProxy */;
		};
/* End PBXTargetDependency section */

/* Begin PBXVariantGroup section */
		7D506536243AD54300B10038 /* LaunchScreen.storyboard */ = {
			isa = PBXVariantGroup;
			children = (
				7D506537243AD54300B10038 /* Base */,
			);
			name = LaunchScreen.storyboard;
			sourceTree = "<group>";
		};
/* End PBXVariantGroup section */

/* Begin XCBuildConfiguration section */
		7D506550243AD54300B10038 /* Debug */ = {
			isa = XCBuildConfiguration;
			buildSettings = {
				ALWAYS_SEARCH_USER_PATHS = NO;
				CLANG_ANALYZER_NONNULL = YES;
				CLANG_ANALYZER_NUMBER_OBJECT_CONVERSION = YES_AGGRESSIVE;
				CLANG_CXX_LANGUAGE_STANDARD = "gnu++14";
				CLANG_CXX_LIBRARY = "libc++";
				CLANG_ENABLE_MODULES = YES;
				CLANG_ENABLE_OBJC_ARC = YES;
				CLANG_ENABLE_OBJC_WEAK = YES;
				CLANG_WARN_BLOCK_CAPTURE_AUTORELEASING = YES;
				CLANG_WARN_BOOL_CONVERSION = YES;
				CLANG_WARN_COMMA = YES;
				CLANG_WARN_CONSTANT_CONVERSION = YES;
				CLANG_WARN_DEPRECATED_OBJC_IMPLEMENTATIONS = YES;
				CLANG_WARN_DIRECT_OBJC_ISA_USAGE = YES_ERROR;
				CLANG_WARN_DOCUMENTATION_COMMENTS = YES;
				CLANG_WARN_EMPTY_BODY = YES;
				CLANG_WARN_ENUM_CONVERSION = YES;
				CLANG_WARN_INFINITE_RECURSION = YES;
				CLANG_WARN_INT_CONVERSION = YES;
				CLANG_WARN_NON_LITERAL_NULL_CONVERSION = YES;
				CLANG_WARN_OBJC_IMPLICIT_RETAIN_SELF = YES;
				CLANG_WARN_OBJC_LITERAL_CONVERSION = YES;
				CLANG_WARN_OBJC_ROOT_CLASS = YES_ERROR;
				CLANG_WARN_RANGE_LOOP_ANALYSIS = YES;
				CLANG_WARN_STRICT_PROTOTYPES = YES;
				CLANG_WARN_SUSPICIOUS_MOVE = YES;
				CLANG_WARN_UNGUARDED_AVAILABILITY = YES_AGGRESSIVE;
				CLANG_WARN_UNREACHABLE_CODE = YES;
				CLANG_WARN__DUPLICATE_METHOD_MATCH = YES;
				COPY_PHASE_STRIP = NO;
				DEBUG_INFORMATION_FORMAT = dwarf;
				ENABLE_STRICT_OBJC_MSGSEND = YES;
				ENABLE_TESTABILITY = YES;
				GCC_C_LANGUAGE_STANDARD = gnu11;
				GCC_DYNAMIC_NO_PIC = NO;
				GCC_NO_COMMON_BLOCKS = YES;
				GCC_OPTIMIZATION_LEVEL = 0;
				GCC_PREPROCESSOR_DEFINITIONS = (
					"DEBUG=1",
					"$(inherited)",
				);
				GCC_WARN_64_TO_32_BIT_CONVERSION = YES;
				GCC_WARN_ABOUT_RETURN_TYPE = YES_ERROR;
				GCC_WARN_UNDECLARED_SELECTOR = YES;
				GCC_WARN_UNINITIALIZED_AUTOS = YES_AGGRESSIVE;
				GCC_WARN_UNUSED_FUNCTION = YES;
				GCC_WARN_UNUSED_VARIABLE = YES;
				IPHONEOS_DEPLOYMENT_TARGET = 13.4;
				MTL_ENABLE_DEBUG_INFO = INCLUDE_SOURCE;
				MTL_FAST_MATH = YES;
				ONLY_ACTIVE_ARCH = YES;
				SDKROOT = iphoneos;
				SWIFT_ACTIVE_COMPILATION_CONDITIONS = DEBUG;
				SWIFT_OPTIMIZATION_LEVEL = "-Onone";
			};
			name = Debug;
		};
		7D506551243AD54300B10038 /* Release */ = {
			isa = XCBuildConfiguration;
			buildSettings = {
				ALWAYS_SEARCH_USER_PATHS = NO;
				CLANG_ANALYZER_NONNULL = YES;
				CLANG_ANALYZER_NUMBER_OBJECT_CONVERSION = YES_AGGRESSIVE;
				CLANG_CXX_LANGUAGE_STANDARD = "gnu++14";
				CLANG_CXX_LIBRARY = "libc++";
				CLANG_ENABLE_MODULES = YES;
				CLANG_ENABLE_OBJC_ARC = YES;
				CLANG_ENABLE_OBJC_WEAK = YES;
				CLANG_WARN_BLOCK_CAPTURE_AUTORELEASING = YES;
				CLANG_WARN_BOOL_CONVERSION = YES;
				CLANG_WARN_COMMA = YES;
				CLANG_WARN_CONSTANT_CONVERSION = YES;
				CLANG_WARN_DEPRECATED_OBJC_IMPLEMENTATIONS = YES;
				CLANG_WARN_DIRECT_OBJC_ISA_USAGE = YES_ERROR;
				CLANG_WARN_DOCUMENTATION_COMMENTS = YES;
				CLANG_WARN_EMPTY_BODY = YES;
				CLANG_WARN_ENUM_CONVERSION = YES;
				CLANG_WARN_INFINITE_RECURSION = YES;
				CLANG_WARN_INT_CONVERSION = YES;
				CLANG_WARN_NON_LITERAL_NULL_CONVERSION = YES;
				CLANG_WARN_OBJC_IMPLICIT_RETAIN_SELF = YES;
				CLANG_WARN_OBJC_LITERAL_CONVERSION = YES;
				CLANG_WARN_OBJC_ROOT_CLASS = YES_ERROR;
				CLANG_WARN_RANGE_LOOP_ANALYSIS = YES;
				CLANG_WARN_STRICT_PROTOTYPES = YES;
				CLANG_WARN_SUSPICIOUS_MOVE = YES;
				CLANG_WARN_UNGUARDED_AVAILABILITY = YES_AGGRESSIVE;
				CLANG_WARN_UNREACHABLE_CODE = YES;
				CLANG_WARN__DUPLICATE_METHOD_MATCH = YES;
				COPY_PHASE_STRIP = NO;
				DEBUG_INFORMATION_FORMAT = "dwarf-with-dsym";
				ENABLE_NS_ASSERTIONS = NO;
				ENABLE_STRICT_OBJC_MSGSEND = YES;
				GCC_C_LANGUAGE_STANDARD = gnu11;
				GCC_NO_COMMON_BLOCKS = YES;
				GCC_WARN_64_TO_32_BIT_CONVERSION = YES;
				GCC_WARN_ABOUT_RETURN_TYPE = YES_ERROR;
				GCC_WARN_UNDECLARED_SELECTOR = YES;
				GCC_WARN_UNINITIALIZED_AUTOS = YES_AGGRESSIVE;
				GCC_WARN_UNUSED_FUNCTION = YES;
				GCC_WARN_UNUSED_VARIABLE = YES;
				IPHONEOS_DEPLOYMENT_TARGET = 13.4;
				MTL_ENABLE_DEBUG_INFO = NO;
				MTL_FAST_MATH = YES;
				SDKROOT = iphoneos;
				SWIFT_COMPILATION_MODE = wholemodule;
				SWIFT_OPTIMIZATION_LEVEL = "-O";
				VALIDATE_PRODUCT = YES;
			};
			name = Release;
		};
		7D506553243AD54300B10038 /* Debug */ = {
			isa = XCBuildConfiguration;
			baseConfigurationReference = B73030F057D227E1802AB004 /* Pods-PortfolioAppMessages.debug.xcconfig */;
			buildSettings = {
				ASSETCATALOG_COMPILER_APPICON_NAME = AppIcon;
				CODE_SIGN_STYLE = Automatic;
				DEVELOPMENT_ASSET_PATHS = "\"PortfolioAppMessages/Preview Content\"";
				DEVELOPMENT_TEAM = 55P567K3FP;
				ENABLE_PREVIEWS = YES;
				INFOPLIST_FILE = PortfolioAppMessages/Info.plist;
				LD_RUNPATH_SEARCH_PATHS = (
					"$(inherited)",
					"@executable_path/Frameworks",
				);
				PRODUCT_BUNDLE_IDENTIFIER = com.duhmarket.PortfolioAppMessages;
				PRODUCT_NAME = "$(TARGET_NAME)";
				SWIFT_VERSION = 5.0;
				TARGETED_DEVICE_FAMILY = "1,2";
			};
			name = Debug;
		};
		7D506554243AD54300B10038 /* Release */ = {
			isa = XCBuildConfiguration;
			baseConfigurationReference = 963735B9CE58462F1DFB6174 /* Pods-PortfolioAppMessages.release.xcconfig */;
			buildSettings = {
				ASSETCATALOG_COMPILER_APPICON_NAME = AppIcon;
				CODE_SIGN_STYLE = Automatic;
				DEVELOPMENT_ASSET_PATHS = "\"PortfolioAppMessages/Preview Content\"";
				DEVELOPMENT_TEAM = 55P567K3FP;
				ENABLE_PREVIEWS = YES;
				INFOPLIST_FILE = PortfolioAppMessages/Info.plist;
				LD_RUNPATH_SEARCH_PATHS = (
					"$(inherited)",
					"@executable_path/Frameworks",
				);
				PRODUCT_BUNDLE_IDENTIFIER = com.duhmarket.PortfolioAppMessages;
				PRODUCT_NAME = "$(TARGET_NAME)";
				SWIFT_VERSION = 5.0;
				TARGETED_DEVICE_FAMILY = "1,2";
			};
			name = Release;
		};
		7D506556243AD54300B10038 /* Debug */ = {
			isa = XCBuildConfiguration;
			baseConfigurationReference = 052FCDE7CB3DD1C7F9ADD991 /* Pods-PortfolioAppMessagesTests.debug.xcconfig */;
			buildSettings = {
				ALWAYS_EMBED_SWIFT_STANDARD_LIBRARIES = YES;
				BUNDLE_LOADER = "$(TEST_HOST)";
				CODE_SIGN_STYLE = Automatic;
				DEVELOPMENT_TEAM = 55P567K3FP;
				INFOPLIST_FILE = PortfolioAppMessagesTests/Info.plist;
				IPHONEOS_DEPLOYMENT_TARGET = 13.4;
				LD_RUNPATH_SEARCH_PATHS = (
					"$(inherited)",
					"@executable_path/Frameworks",
					"@loader_path/Frameworks",
				);
				PRODUCT_BUNDLE_IDENTIFIER = com.duhmarket.PortfolioAppMessagesTests;
				PRODUCT_NAME = "$(TARGET_NAME)";
				SWIFT_VERSION = 5.0;
				TARGETED_DEVICE_FAMILY = "1,2";
				TEST_HOST = "$(BUILT_PRODUCTS_DIR)/PortfolioAppMessages.app/PortfolioAppMessages";
			};
			name = Debug;
		};
		7D506557243AD54300B10038 /* Release */ = {
			isa = XCBuildConfiguration;
			baseConfigurationReference = 24AC076358E6F5CC4C1C9D0E /* Pods-PortfolioAppMessagesTests.release.xcconfig */;
			buildSettings = {
				ALWAYS_EMBED_SWIFT_STANDARD_LIBRARIES = YES;
				BUNDLE_LOADER = "$(TEST_HOST)";
				CODE_SIGN_STYLE = Automatic;
				DEVELOPMENT_TEAM = 55P567K3FP;
				INFOPLIST_FILE = PortfolioAppMessagesTests/Info.plist;
				IPHONEOS_DEPLOYMENT_TARGET = 13.4;
				LD_RUNPATH_SEARCH_PATHS = (
					"$(inherited)",
					"@executable_path/Frameworks",
					"@loader_path/Frameworks",
				);
				PRODUCT_BUNDLE_IDENTIFIER = com.duhmarket.PortfolioAppMessagesTests;
				PRODUCT_NAME = "$(TARGET_NAME)";
				SWIFT_VERSION = 5.0;
				TARGETED_DEVICE_FAMILY = "1,2";
				TEST_HOST = "$(BUILT_PRODUCTS_DIR)/PortfolioAppMessages.app/PortfolioAppMessages";
			};
			name = Release;
		};
		7D506559243AD54300B10038 /* Debug */ = {
			isa = XCBuildConfiguration;
			baseConfigurationReference = 51941532AF9DD6B3769AF471 /* Pods-PortfolioAppMessages-PortfolioAppMessagesUITests.debug.xcconfig */;
			buildSettings = {
				ALWAYS_EMBED_SWIFT_STANDARD_LIBRARIES = YES;
				CODE_SIGN_STYLE = Automatic;
				DEVELOPMENT_TEAM = 55P567K3FP;
				INFOPLIST_FILE = PortfolioAppMessagesUITests/Info.plist;
				LD_RUNPATH_SEARCH_PATHS = (
					"$(inherited)",
					"@executable_path/Frameworks",
					"@loader_path/Frameworks",
				);
				PRODUCT_BUNDLE_IDENTIFIER = com.duhmarket.PortfolioAppMessagesUITests;
				PRODUCT_NAME = "$(TARGET_NAME)";
				SWIFT_VERSION = 5.0;
				TARGETED_DEVICE_FAMILY = "1,2";
				TEST_TARGET_NAME = PortfolioAppMessages;
			};
			name = Debug;
		};
		7D50655A243AD54300B10038 /* Release */ = {
			isa = XCBuildConfiguration;
			baseConfigurationReference = F8AB94AE8845E510D060F121 /* Pods-PortfolioAppMessages-PortfolioAppMessagesUITests.release.xcconfig */;
			buildSettings = {
				ALWAYS_EMBED_SWIFT_STANDARD_LIBRARIES = YES;
				CODE_SIGN_STYLE = Automatic;
				DEVELOPMENT_TEAM = 55P567K3FP;
				INFOPLIST_FILE = PortfolioAppMessagesUITests/Info.plist;
				LD_RUNPATH_SEARCH_PATHS = (
					"$(inherited)",
					"@executable_path/Frameworks",
					"@loader_path/Frameworks",
				);
				PRODUCT_BUNDLE_IDENTIFIER = com.duhmarket.PortfolioAppMessagesUITests;
				PRODUCT_NAME = "$(TARGET_NAME)";
				SWIFT_VERSION = 5.0;
				TARGETED_DEVICE_FAMILY = "1,2";
				TEST_TARGET_NAME = PortfolioAppMessages;
			};
			name = Release;
		};
/* End XCBuildConfiguration section */

/* Begin XCConfigurationList section */
		7D506520243AD54100B10038 /* Build configuration list for PBXProject "PortfolioAppMessages" */ = {
			isa = XCConfigurationList;
			buildConfigurations = (
				7D506550243AD54300B10038 /* Debug */,
				7D506551243AD54300B10038 /* Release */,
			);
			defaultConfigurationIsVisible = 0;
			defaultConfigurationName = Release;
		};
		7D506552243AD54300B10038 /* Build configuration list for PBXNativeTarget "PortfolioAppMessages" */ = {
			isa = XCConfigurationList;
			buildConfigurations = (
				7D506553243AD54300B10038 /* Debug */,
				7D506554243AD54300B10038 /* Release */,
			);
			defaultConfigurationIsVisible = 0;
			defaultConfigurationName = Release;
		};
		7D506555243AD54300B10038 /* Build configuration list for PBXNativeTarget "PortfolioAppMessagesTests" */ = {
			isa = XCConfigurationList;
			buildConfigurations = (
				7D506556243AD54300B10038 /* Debug */,
				7D506557243AD54300B10038 /* Release */,
			);
			defaultConfigurationIsVisible = 0;
			defaultConfigurationName = Release;
		};
		7D506558243AD54300B10038 /* Build configuration list for PBXNativeTarget "PortfolioAppMessagesUITests" */ = {
			isa = XCConfigurationList;
			buildConfigurations = (
				7D506559243AD54300B10038 /* Debug */,
				7D50655A243AD54300B10038 /* Release */,
			);
			defaultConfigurationIsVisible = 0;
			defaultConfigurationName = Release;
		};
/* End XCConfigurationList section */

/* Begin XCVersionGroup section */
		7D50652C243AD54100B10038 /* PortfolioAppMessages.xcdatamodeld */ = {
			isa = XCVersionGroup;
			children = (
				7D50652D243AD54100B10038 /* PortfolioAppMessages.xcdatamodel */,
			);
			currentVersion = 7D50652D243AD54100B10038 /* PortfolioAppMessages.xcdatamodel */;
			path = PortfolioAppMessages.xcdatamodeld;
			sourceTree = "<group>";
			versionGroupType = wrapper.xcdatamodel;
		};
/* End XCVersionGroup section */
	};
	rootObject = 7D50651D243AD54100B10038 /* Project object */;
}
